{
    "version": 3,
    "terraform_version": "0.11.1",
    "serial": 17,
    "lineage": "d8835b09-f1ce-430f-8746-792bec31bad5",
    "modules": [
        {
            "path": [
                "root"
            ],
            "outputs": {},
            "resources": {
                "google_compute_firewall.all-outbound-allow": {
                    "type": "google_compute_firewall",
                    "depends_on": [],
                    "primary": {
                        "id": "all-outbound-allow",
                        "attributes": {
                            "allow.#": "1",
                            "allow.1100366991.ports.#": "3",
                            "allow.1100366991.ports.0": "80",
                            "allow.1100366991.ports.1": "8080",
                            "allow.1100366991.ports.2": "443",
                            "allow.1100366991.protocol": "tcp",
                            "creation_timestamp": "2018-11-27T03:33:21.156-08:00",
                            "deny.#": "0",
                            "description": "Allow all outbound connections access across the firewall of the Virtual Private Cloud.",
                            "destination_ranges.#": "1",
                            "destination_ranges.1080289494": "0.0.0.0/0",
                            "direction": "EGRESS",
                            "disabled": "false",
                            "enable_logging": "false",
                            "id": "all-outbound-allow",
                            "name": "all-outbound-allow",
                            "network": "https://www.googleapis.com/compute/v1/projects/ci-cd-223510/global/networks/default",
                            "priority": "1000",
                            "project": "ci-cd-223510",
                            "self_link": "https://www.googleapis.com/compute/v1/projects/ci-cd-223510/global/firewalls/all-outbound-allow",
                            "source_ranges.#": "0",
                            "source_service_accounts.#": "0",
                            "source_tags.#": "0",
                            "target_service_accounts.#": "0",
                            "target_tags.#": "0"
                        },
                        "meta": {
                            "e2bfb730-ecaa-11e6-8f88-34363bc7c4c0": {
                                "create": 240000000000,
                                "delete": 240000000000,
                                "update": 240000000000
                            },
                            "schema_version": "1"
                        },
                        "tainted": false
                    },
                    "deposed": [],
                    "provider": "provider.google"
                },
                "google_compute_firewall.allow-inbound_http": {
                    "type": "google_compute_firewall",
                    "depends_on": [],
                    "primary": {
                        "id": "allow-inbound-http",
                        "attributes": {
                            "allow.#": "1",
                            "allow.1819892574.ports.#": "3",
                            "allow.1819892574.ports.0": "80",
                            "allow.1819892574.ports.1": "8080",
                            "allow.1819892574.ports.2": "22",
                            "allow.1819892574.protocol": "tcp",
                            "creation_timestamp": "2018-11-27T03:33:21.537-08:00",
                            "deny.#": "0",
                            "description": "Allow inbound HTTP request",
                            "destination_ranges.#": "0",
                            "direction": "INGRESS",
                            "disabled": "false",
                            "enable_logging": "false",
                            "id": "allow-inbound-http",
                            "name": "allow-inbound-http",
                            "network": "https://www.googleapis.com/compute/v1/projects/ci-cd-223510/global/networks/default",
                            "priority": "1000",
                            "project": "ci-cd-223510",
                            "self_link": "https://www.googleapis.com/compute/v1/projects/ci-cd-223510/global/firewalls/allow-inbound-http",
                            "source_ranges.#": "1",
                            "source_ranges.1080289494": "0.0.0.0/0",
                            "source_service_accounts.#": "0",
                            "source_tags.#": "0",
                            "target_service_accounts.#": "0",
                            "target_tags.#": "1",
                            "target_tags.988335155": "http-server"
                        },
                        "meta": {
                            "e2bfb730-ecaa-11e6-8f88-34363bc7c4c0": {
                                "create": 240000000000,
                                "delete": 240000000000,
                                "update": 240000000000
                            },
                            "schema_version": "1"
                        },
                        "tainted": false
                    },
                    "deposed": [],
                    "provider": "provider.google"
                },
                "google_compute_instance.default": {
                    "type": "google_compute_instance",
                    "depends_on": [],
                    "primary": {
                        "id": "lamp-instance",
                        "attributes": {
                            "attached_disk.#": "0",
                            "boot_disk.#": "1",
                            "boot_disk.0.auto_delete": "true",
                            "boot_disk.0.device_name": "persistent-disk-0",
                            "boot_disk.0.disk_encryption_key_raw": "",
                            "boot_disk.0.disk_encryption_key_sha256": "",
                            "boot_disk.0.initialize_params.#": "1",
                            "boot_disk.0.initialize_params.0.image": "https://www.googleapis.com/compute/v1/projects/ubuntu-os-cloud/global/images/ubuntu-1604-xenial-v20181004",
                            "boot_disk.0.initialize_params.0.size": "10",
                            "boot_disk.0.initialize_params.0.type": "pd-standard",
                            "boot_disk.0.source": "https://www.googleapis.com/compute/v1/projects/ci-cd-223510/zones/europe-west3-a/disks/lamp-instance",
                            "can_ip_forward": "false",
                            "cpu_platform": "Intel Broadwell",
                            "create_timeout": "4",
                            "deletion_protection": "false",
                            "description": "An instance to deploy a LAMP application on.",
                            "guest_accelerator.#": "0",
                            "id": "lamp-instance",
                            "instance_id": "1245390434739459437",
                            "label_fingerprint": "42WmSpB8rSM=",
                            "labels.%": "0",
                            "machine_type": "n1-standard-1",
                            "metadata.%": "0",
                            "metadata_fingerprint": "cRgD9x4Bn74=",
                            "metadata_startup_script": "git clone https://github.com/baasbank/devopsOutputs.git; cd devopsOutputs; . deploy_lamp_stack.sh",
                            "min_cpu_platform": "",
                            "name": "lamp-instance",
                            "network_interface.#": "1",
                            "network_interface.0.access_config.#": "1",
                            "network_interface.0.access_config.0.assigned_nat_ip": "35.234.94.72",
                            "network_interface.0.access_config.0.nat_ip": "35.234.94.72",
                            "network_interface.0.access_config.0.network_tier": "PREMIUM",
                            "network_interface.0.access_config.0.public_ptr_domain_name": "",
                            "network_interface.0.address": "10.156.0.2",
                            "network_interface.0.alias_ip_range.#": "0",
                            "network_interface.0.name": "nic0",
                            "network_interface.0.network": "https://www.googleapis.com/compute/v1/projects/ci-cd-223510/global/networks/default",
                            "network_interface.0.network_ip": "10.156.0.2",
                            "network_interface.0.subnetwork": "https://www.googleapis.com/compute/v1/projects/ci-cd-223510/regions/europe-west3/subnetworks/default",
                            "network_interface.0.subnetwork_project": "ci-cd-223510",
                            "project": "ci-cd-223510",
                            "scheduling.#": "1",
                            "scheduling.0.automatic_restart": "false",
                            "scheduling.0.on_host_maintenance": "MIGRATE",
                            "scheduling.0.preemptible": "false",
                            "scratch_disk.#": "0",
                            "self_link": "https://www.googleapis.com/compute/v1/projects/ci-cd-223510/zones/europe-west3-a/instances/lamp-instance",
                            "service_account.#": "1",
                            "service_account.0.email": "240426574358-compute@developer.gserviceaccount.com",
                            "service_account.0.scopes.#": "1",
                            "service_account.0.scopes.1733087937": "https://www.googleapis.com/auth/cloud-platform",
                            "tags.#": "1",
                            "tags.988335155": "http-server",
                            "tags_fingerprint": "FYLDgkTKlA4=",
                            "zone": "europe-west3-a"
                        },
                        "meta": {
                            "e2bfb730-ecaa-11e6-8f88-34363bc7c4c0": {
                                "create": 360000000000,
                                "delete": 360000000000,
                                "update": 360000000000
                            },
                            "schema_version": "6"
                        },
                        "tainted": false
                    },
                    "deposed": [],
                    "provider": "provider.google"
                }
            },
            "depends_on": []
        }
    ]
}
